// !$*UTF8*$!
{
	archiveVersion = 1;
	classes = {
	};
	objectVersion = 48;
	objects = {

/* Begin PBXBuildFile section */
		162347E42164BD5E00EEC058 /* AppDelegate.swift in Sources */ = {isa = PBXBuildFile; fileRef = 162347E32164BD5E00EEC058 /* AppDelegate.swift */; };
		162347E62164BD5E00EEC058 /* ViewController.swift in Sources */ = {isa = PBXBuildFile; fileRef = 162347E52164BD5E00EEC058 /* ViewController.swift */; };
		162347E92164BD5E00EEC058 /* Main.storyboard in Resources */ = {isa = PBXBuildFile; fileRef = 162347E72164BD5E00EEC058 /* Main.storyboard */; };
		162347EB2164BD5E00EEC058 /* Assets.xcassets in Resources */ = {isa = PBXBuildFile; fileRef = 162347EA2164BD5E00EEC058 /* Assets.xcassets */; };
		162347EE2164BD5E00EEC058 /* LaunchScreen.storyboard in Resources */ = {isa = PBXBuildFile; fileRef = 162347EC2164BD5E00EEC058 /* LaunchScreen.storyboard */; };
		162347F62164BDD000EEC058 /* MainTabBarController.swift in Sources */ = {isa = PBXBuildFile; fileRef = 162347F52164BDD000EEC058 /* MainTabBarController.swift */; };
		162347F92164D88300EEC058 /* podCastsSearchController.swift in Sources */ = {isa = PBXBuildFile; fileRef = 162347F82164D88300EEC058 /* podCastsSearchController.swift */; };
		162347FC2164DBDE00EEC058 /* PodCast.swift in Sources */ = {isa = PBXBuildFile; fileRef = 162347FB2164DBDD00EEC058 /* PodCast.swift */; };
		16AD687D21694D5E00C1C7CD /* APIService.swift in Sources */ = {isa = PBXBuildFile; fileRef = 16AD687C21694D5E00C1C7CD /* APIService.swift */; };
		16AD687F216965D600C1C7CD /* PodCastCell.xib in Resources */ = {isa = PBXBuildFile; fileRef = 16AD687E216965D600C1C7CD /* PodCastCell.xib */; };
		16AD6881216967F000C1C7CD /* PodCastTabelViewCell.swift in Sources */ = {isa = PBXBuildFile; fileRef = 16AD6880216967F000C1C7CD /* PodCastTabelViewCell.swift */; };
		E7A7DB125001BE577C4303AB /* Pods_PodCastApp.framework in Frameworks */ = {isa = PBXBuildFile; fileRef = 14C2E495E808D567B5EE3789 /* Pods_PodCastApp.framework */; };
/* End PBXBuildFile section */

/* Begin PBXFileReference section */
		14C2E495E808D567B5EE3789 /* Pods_PodCastApp.framework */ = {isa = PBXFileReference; explicitFileType = wrapper.framework; includeInIndex = 0; path = Pods_PodCastApp.framework; sourceTree = BUILT_PRODUCTS_DIR; };
		162347E02164BD5E00EEC058 /* PodCastApp.app */ = {isa = PBXFileReference; explicitFileType = wrapper.application; includeInIndex = 0; path = PodCastApp.app; sourceTree = BUILT_PRODUCTS_DIR; };
		162347E32164BD5E00EEC058 /* AppDelegate.swift */ = {isa = PBXFileReference; lastKnownFileType = sourcecode.swift; path = AppDelegate.swift; sourceTree = "<group>"; };
		162347E52164BD5E00EEC058 /* ViewController.swift */ = {isa = PBXFileReference; lastKnownFileType = sourcecode.swift; path = ViewController.swift; sourceTree = "<group>"; };
		162347E82164BD5E00EEC058 /* Base */ = {isa = PBXFileReference; lastKnownFileType = file.storyboard; name = Base; path = Base.lproj/Main.storyboard; sourceTree = "<group>"; };
		162347EA2164BD5E00EEC058 /* Assets.xcassets */ = {isa = PBXFileReference; lastKnownFileType = folder.assetcatalog; path = Assets.xcassets; sourceTree = "<group>"; };
		162347ED2164BD5E00EEC058 /* Base */ = {isa = PBXFileReference; lastKnownFileType = file.storyboard; name = Base; path = Base.lproj/LaunchScreen.storyboard; sourceTree = "<group>"; };
		162347EF2164BD5F00EEC058 /* Info.plist */ = {isa = PBXFileReference; lastKnownFileType = text.plist.xml; path = Info.plist; sourceTree = "<group>"; };
		162347F52164BDD000EEC058 /* MainTabBarController.swift */ = {isa = PBXFileReference; lastKnownFileType = sourcecode.swift; path = MainTabBarController.swift; sourceTree = "<group>"; };
		162347F82164D88300EEC058 /* podCastsSearchController.swift */ = {isa = PBXFileReference; lastKnownFileType = sourcecode.swift; path = podCastsSearchController.swift; sourceTree = "<group>"; };
		162347FB2164DBDD00EEC058 /* PodCast.swift */ = {isa = PBXFileReference; lastKnownFileType = sourcecode.swift; path = PodCast.swift; sourceTree = "<group>"; };
		16AD687C21694D5E00C1C7CD /* APIService.swift */ = {isa = PBXFileReference; lastKnownFileType = sourcecode.swift; path = APIService.swift; sourceTree = "<group>"; };
		16AD687E216965D600C1C7CD /* PodCastCell.xib */ = {isa = PBXFileReference; lastKnownFileType = file.xib; path = PodCastCell.xib; sourceTree = "<group>"; };
		16AD6880216967F000C1C7CD /* PodCastTabelViewCell.swift */ = {isa = PBXFileReference; lastKnownFileType = sourcecode.swift; path = PodCastTabelViewCell.swift; sourceTree = "<group>"; };
		295CCFD10644793F3BC806C4 /* Pods-PodCastApp.release.xcconfig */ = {isa = PBXFileReference; includeInIndex = 1; lastKnownFileType = text.xcconfig; name = "Pods-PodCastApp.release.xcconfig"; path = "Pods/Target Support Files/Pods-PodCastApp/Pods-PodCastApp.release.xcconfig"; sourceTree = "<group>"; };
		5F01E4CE2F1751BA2DF33DD2 /* Pods-PodCastApp.debug.xcconfig */ = {isa = PBXFileReference; includeInIndex = 1; lastKnownFileType = text.xcconfig; name = "Pods-PodCastApp.debug.xcconfig"; path = "Pods/Target Support Files/Pods-PodCastApp/Pods-PodCastApp.debug.xcconfig"; sourceTree = "<group>"; };
/* End PBXFileReference section */

/* Begin PBXFrameworksBuildPhase section */
		162347DD2164BD5E00EEC058 /* Frameworks */ = {
			isa = PBXFrameworksBuildPhase;
			buildActionMask = 2147483647;
			files = (
				E7A7DB125001BE577C4303AB /* Pods_PodCastApp.framework in Frameworks */,
			);
			runOnlyForDeploymentPostprocessing = 0;
		};
/* End PBXFrameworksBuildPhase section */

/* Begin PBXGroup section */
		162347D72164BD5E00EEC058 = {
			isa = PBXGroup;
			children = (
				162347E22164BD5E00EEC058 /* PodCastApp */,
				162347E12164BD5E00EEC058 /* Products */,
				39147134DE5E847003227230 /* Pods */,
				1E26876BB5EFDAF8D018CAE9 /* Frameworks */,
			);
			sourceTree = "<group>";
		};
		162347E12164BD5E00EEC058 /* Products */ = {
			isa = PBXGroup;
			children = (
				162347E02164BD5E00EEC058 /* PodCastApp.app */,
			);
			name = Products;
			sourceTree = "<group>";
		};
		162347E22164BD5E00EEC058 /* PodCastApp */ = {
			isa = PBXGroup;
			children = (
				16AD687B21694D3200C1C7CD /* API */,
				16AD687A21694C7900C1C7CD /* views */,
				162347FA2164DB7C00EEC058 /* Models */,
				162347F72164D7BE00EEC058 /* Controllers */,
				162347E32164BD5E00EEC058 /* AppDelegate.swift */,
				162347E52164BD5E00EEC058 /* ViewController.swift */,
				162347E72164BD5E00EEC058 /* Main.storyboard */,
				162347EA2164BD5E00EEC058 /* Assets.xcassets */,
				162347EC2164BD5E00EEC058 /* LaunchScreen.storyboard */,
				162347EF2164BD5F00EEC058 /* Info.plist */,
				162347F52164BDD000EEC058 /* MainTabBarController.swift */,
			);
			path = PodCastApp;
			sourceTree = "<group>";
		};
		162347F72164D7BE00EEC058 /* Controllers */ = {
			isa = PBXGroup;
			children = (
				162347F82164D88300EEC058 /* podCastsSearchController.swift */,
			);
			path = Controllers;
			sourceTree = "<group>";
		};
		162347FA2164DB7C00EEC058 /* Models */ = {
			isa = PBXGroup;
			children = (
				162347FB2164DBDD00EEC058 /* PodCast.swift */,
			);
			path = Models;
			sourceTree = "<group>";
		};
		16AD687A21694C7900C1C7CD /* views */ = {
			isa = PBXGroup;
			children = (
				16AD687E216965D600C1C7CD /* PodCastCell.xib */,
				16AD6880216967F000C1C7CD /* PodCastTabelViewCell.swift */,
			);
			path = views;
			sourceTree = "<group>";
		};
		16AD687B21694D3200C1C7CD /* API */ = {
			isa = PBXGroup;
			children = (
				16AD687C21694D5E00C1C7CD /* APIService.swift */,
			);
			path = API;
			sourceTree = "<group>";
		};
		1E26876BB5EFDAF8D018CAE9 /* Frameworks */ = {
			isa = PBXGroup;
			children = (
				14C2E495E808D567B5EE3789 /* Pods_PodCastApp.framework */,
			);
			name = Frameworks;
			sourceTree = "<group>";
		};
		39147134DE5E847003227230 /* Pods */ = {
			isa = PBXGroup;
			children = (
				5F01E4CE2F1751BA2DF33DD2 /* Pods-PodCastApp.debug.xcconfig */,
				295CCFD10644793F3BC806C4 /* Pods-PodCastApp.release.xcconfig */,
			);
			name = Pods;
			sourceTree = "<group>";
		};
/* End PBXGroup section */

/* Begin PBXNativeTarget section */
		162347DF2164BD5E00EEC058 /* PodCastApp */ = {
			isa = PBXNativeTarget;
			buildConfigurationList = 162347F22164BD5F00EEC058 /* Build configuration list for PBXNativeTarget "PodCastApp" */;
			buildPhases = (
				2031D7892C7B29E77FF01B1B /* [CP] Check Pods Manifest.lock */,
				162347DC2164BD5E00EEC058 /* Sources */,
				162347DD2164BD5E00EEC058 /* Frameworks */,
				162347DE2164BD5E00EEC058 /* Resources */,
				C447E485F0C27D3CC6B492DA /* [CP] Embed Pods Frameworks */,
				9654B56CD3DA5D56072C2471 /* [CP] Copy Pods Resources */,
			);
			buildRules = (
			);
			dependencies = (
			);
			name = PodCastApp;
			productName = PodCastApp;
			productReference = 162347E02164BD5E00EEC058 /* PodCastApp.app */;
			productType = "com.apple.product-type.application";
		};
/* End PBXNativeTarget section */

/* Begin PBXProject section */
		162347D82164BD5E00EEC058 /* Project object */ = {
			isa = PBXProject;
			attributes = {
				LastSwiftUpdateCheck = 0910;
				LastUpgradeCheck = 0910;
				ORGANIZATIONNAME = zead;
				TargetAttributes = {
					162347DF2164BD5E00EEC058 = {
						CreatedOnToolsVersion = 9.1;
						ProvisioningStyle = Automatic;
					};
				};
			};
			buildConfigurationList = 162347DB2164BD5E00EEC058 /* Build configuration list for PBXProject "PodCastApp" */;
			compatibilityVersion = "Xcode 8.0";
			developmentRegion = en;
			hasScannedForEncodings = 0;
			knownRegions = (
				en,
				Base,
			);
			mainGroup = 162347D72164BD5E00EEC058;
			productRefGroup = 162347E12164BD5E00EEC058 /* Products */;
			projectDirPath = "";
			projectRoot = "";
			targets = (
				162347DF2164BD5E00EEC058 /* PodCastApp */,
			);
		};
/* End PBXProject section */

/* Begin PBXResourcesBuildPhase section */
		162347DE2164BD5E00EEC058 /* Resources */ = {
			isa = PBXResourcesBuildPhase;
			buildActionMask = 2147483647;
			files = (
				162347EE2164BD5E00EEC058 /* LaunchScreen.storyboard in Resources */,
				162347EB2164BD5E00EEC058 /* Assets.xcassets in Resources */,
				16AD687F216965D600C1C7CD /* PodCastCell.xib in Resources */,
				162347E92164BD5E00EEC058 /* Main.storyboard in Resources */,
			);
			runOnlyForDeploymentPostprocessing = 0;
		};
/* End PBXResourcesBuildPhase section */

/* Begin PBXShellScriptBuildPhase section */
		2031D7892C7B29E77FF01B1B /* [CP] Check Pods Manifest.lock */ = {
			isa = PBXShellScriptBuildPhase;
			buildActionMask = 2147483647;
			files = (
			);
			inputPaths = (
				"${PODS_PODFILE_DIR_PATH}/Podfile.lock",
				"${PODS_ROOT}/Manifest.lock",
			);
			name = "[CP] Check Pods Manifest.lock";
			outputPaths = (
				"$(DERIVED_FILE_DIR)/Pods-PodCastApp-checkManifestLockResult.txt",
			);
			runOnlyForDeploymentPostprocessing = 0;
			shellPath = /bin/sh;
			shellScript = "diff \"${PODS_PODFILE_DIR_PATH}/Podfile.lock\" \"${PODS_ROOT}/Manifest.lock\" > /dev/null\nif [ $? != 0 ] ; then\n    # print error to STDERR\n    echo \"error: The sandbox is not in sync with the Podfile.lock. Run 'pod install' or update your CocoaPods installation.\" >&2\n    exit 1\nfi\n# This output is used by Xcode 'outputs' to avoid re-running this script phase.\necho \"SUCCESS\" > \"${SCRIPT_OUTPUT_FILE_0}\"\n";
			showEnvVarsInLog = 0;
		};
		9654B56CD3DA5D56072C2471 /* [CP] Copy Pods Resources */ = {
			isa = PBXShellScriptBuildPhase;
			buildActionMask = 2147483647;
			files = (
			);
			inputPaths = (
			);
			name = "[CP] Copy Pods Resources";
			outputPaths = (
			);
			runOnlyForDeploymentPostprocessing = 0;
			shellPath = /bin/sh;
			shellScript = "\"${SRCROOT}/Pods/Target Support Files/Pods-PodCastApp/Pods-PodCastApp-resources.sh\"\n";
			showEnvVarsInLog = 0;
		};
		C447E485F0C27D3CC6B492DA /* [CP] Embed Pods Frameworks */ = {
			isa = PBXShellScriptBuildPhase;
			buildActionMask = 2147483647;
			files = (
			);
			inputPaths = (
				"${SRCROOT}/Pods/Target Support Files/Pods-PodCastApp/Pods-PodCastApp-frameworks.sh",
				"${BUILT_PRODUCTS_DIR}/Alamofire/Alamofire.framework",
			);
			name = "[CP] Embed Pods Frameworks";
			outputPaths = (
				"${TARGET_BUILD_DIR}/${FRAMEWORKS_FOLDER_PATH}/Alamofire.framework",
			);
			runOnlyForDeploymentPostprocessing = 0;
			shellPath = /bin/sh;
			shellScript = "\"${SRCROOT}/Pods/Target Support Files/Pods-PodCastApp/Pods-PodCastApp-frameworks.sh\"\n";
			showEnvVarsInLog = 0;
		};
/* End PBXShellScriptBuildPhase section */

/* Begin PBXSourcesBuildPhase section */
		162347DC2164BD5E00EEC058 /* Sources */ = {
			isa = PBXSourcesBuildPhase;
			buildActionMask = 2147483647;
			files = (
				162347F92164D88300EEC058 /* podCastsSearchController.swift in Sources */,
				162347E62164BD5E00EEC058 /* ViewController.swift in Sources */,
				162347E42164BD5E00EEC058 /* AppDelegate.swift in Sources */,
				162347FC2164DBDE00EEC058 /* PodCast.swift in Sources */,
				16AD687D21694D5E00C1C7CD /* APIService.swift in Sources */,
				16AD6881216967F000C1C7CD /* PodCastTabelViewCell.swift in Sources */,
				162347F62164BDD000EEC058 /* MainTabBarController.swift in Sources */,
			);
			runOnlyForDeploymentPostprocessing = 0;
		};
/* End PBXSourcesBuildPhase section */

/* Begin PBXVariantGroup section */
		162347E72164BD5E00EEC058 /* Main.storyboard */ = {
			isa = PBXVariantGroup;
			children = (
				162347E82164BD5E00EEC058 /* Base */,
			);
			name = Main.storyboard;
			sourceTree = "<group>";
		};
		162347EC2164BD5E00EEC058 /* LaunchScreen.storyboard */ = {
			isa = PBXVariantGroup;
			children = (
				162347ED2164BD5E00EEC058 /* Base */,
			);
			name = LaunchScreen.storyboard;
			sourceTree = "<group>";
		};
/* End PBXVariantGroup section */

/* Begin XCBuildConfiguration section */
		162347F02164BD5F00EEC058 /* Debug */ = {
			isa = XCBuildConfiguration;
			buildSettings = {
				ALWAYS_SEARCH_USER_PATHS = NO;
				CLANG_ANALYZER_NONNULL = YES;
				CLANG_ANALYZER_NUMBER_OBJECT_CONVERSION = YES_AGGRESSIVE;
				CLANG_CXX_LANGUAGE_STANDARD = "gnu++14";
				CLANG_CXX_LIBRARY = "libc++";
				CLANG_ENABLE_MODULES = YES;
				CLANG_ENABLE_OBJC_ARC = YES;
				CLANG_WARN_BLOCK_CAPTURE_AUTORELEASING = YES;
				CLANG_WARN_BOOL_CONVERSION = YES;
				CLANG_WARN_COMMA = YES;
				CLANG_WARN_CONSTANT_CONVERSION = YES;
				CLANG_WARN_DIRECT_OBJC_ISA_USAGE = YES_ERROR;
				CLANG_WARN_DOCUMENTATION_COMMENTS = YES;
				CLANG_WARN_EMPTY_BODY = YES;
				CLANG_WARN_ENUM_CONVERSION = YES;
				CLANG_WARN_INFINITE_RECURSION = YES;
				CLANG_WARN_INT_CONVERSION = YES;
				CLANG_WARN_NON_LITERAL_NULL_CONVERSION = YES;
				CLANG_WARN_OBJC_LITERAL_CONVERSION = YES;
				CLANG_WARN_OBJC_ROOT_CLASS = YES_ERROR;
				CLANG_WARN_RANGE_LOOP_ANALYSIS = YES;
				CLANG_WARN_STRICT_PROTOTYPES = YES;
				CLANG_WARN_SUSPICIOUS_MOVE = YES;
				CLANG_WARN_UNGUARDED_AVAILABILITY = YES_AGGRESSIVE;
				CLANG_WARN_UNREACHABLE_CODE = YES;
				CLANG_WARN__DUPLICATE_METHOD_MATCH = YES;
				CODE_SIGN_IDENTITY = "iPhone Developer";
				COPY_PHASE_STRIP = NO;
				DEBUG_INFORMATION_FORMAT = dwarf;
				ENABLE_STRICT_OBJC_MSGSEND = YES;
				ENABLE_TESTABILITY = YES;
				GCC_C_LANGUAGE_STANDARD = gnu11;
				GCC_DYNAMIC_NO_PIC = NO;
				GCC_NO_COMMON_BLOCKS = YES;
				GCC_OPTIMIZATION_LEVEL = 0;
				GCC_PREPROCESSOR_DEFINITIONS = (
					"DEBUG=1",
					"$(inherited)",
				);
				GCC_WARN_64_TO_32_BIT_CONVERSION = YES;
				GCC_WARN_ABOUT_RETURN_TYPE = YES_ERROR;
				GCC_WARN_UNDECLARED_SELECTOR = YES;
				GCC_WARN_UNINITIALIZED_AUTOS = YES_AGGRESSIVE;
				GCC_WARN_UNUSED_FUNCTION = YES;
				GCC_WARN_UNUSED_VARIABLE = YES;
				IPHONEOS_DEPLOYMENT_TARGET = 11.1;
				MTL_ENABLE_DEBUG_INFO = YES;
				ONLY_ACTIVE_ARCH = YES;
				SDKROOT = iphoneos;
				SWIFT_ACTIVE_COMPILATION_CONDITIONS = DEBUG;
				SWIFT_OPTIMIZATION_LEVEL = "-Onone";
			};
			name = Debug;
		};
		162347F12164BD5F00EEC058 /* Release */ = {
			isa = XCBuildConfiguration;
			buildSettings = {
				ALWAYS_SEARCH_USER_PATHS = NO;
				CLANG_ANALYZER_NONNULL = YES;
				CLANG_ANALYZER_NUMBER_OBJECT_CONVERSION = YES_AGGRESSIVE;
				CLANG_CXX_LANGUAGE_STANDARD = "gnu++14";
				CLANG_CXX_LIBRARY = "libc++";
				CLANG_ENABLE_MODULES = YES;
				CLANG_ENABLE_OBJC_ARC = YES;
				CLANG_WARN_BLOCK_CAPTURE_AUTORELEASING = YES;
				CLANG_WARN_BOOL_CONVERSION = YES;
				CLANG_WARN_COMMA = YES;
				CLANG_WARN_CONSTANT_CONVERSION = YES;
				CLANG_WARN_DIRECT_OBJC_ISA_USAGE = YES_ERROR;
				CLANG_WARN_DOCUMENTATION_COMMENTS = YES;
				CLANG_WARN_EMPTY_BODY = YES;
				CLANG_WARN_ENUM_CONVERSION = YES;
				CLANG_WARN_INFINITE_RECURSION = YES;
				CLANG_WARN_INT_CONVERSION = YES;
				CLANG_WARN_NON_LITERAL_NULL_CONVERSION = YES;
				CLANG_WARN_OBJC_LITERAL_CONVERSION = YES;
				CLANG_WARN_OBJC_ROOT_CLASS = YES_ERROR;
				CLANG_WARN_RANGE_LOOP_ANALYSIS = YES;
				CLANG_WARN_STRICT_PROTOTYPES = YES;
				CLANG_WARN_SUSPICIOUS_MOVE = YES;
				CLANG_WARN_UNGUARDED_AVAILABILITY = YES_AGGRESSIVE;
				CLANG_WARN_UNREACHABLE_CODE = YES;
				CLANG_WARN__DUPLICATE_METHOD_MATCH = YES;
				CODE_SIGN_IDENTITY = "iPhone Developer";
				COPY_PHASE_STRIP = NO;
				DEBUG_INFORMATION_FORMAT = "dwarf-with-dsym";
				ENABLE_NS_ASSERTIONS = NO;
				ENABLE_STRICT_OBJC_MSGSEND = YES;
				GCC_C_LANGUAGE_STANDARD = gnu11;
				GCC_NO_COMMON_BLOCKS = YES;
				GCC_WARN_64_TO_32_BIT_CONVERSION = YES;
				GCC_WARN_ABOUT_RETURN_TYPE = YES_ERROR;
				GCC_WARN_UNDECLARED_SELECTOR = YES;
				GCC_WARN_UNINITIALIZED_AUTOS = YES_AGGRESSIVE;
				GCC_WARN_UNUSED_FUNCTION = YES;
				GCC_WARN_UNUSED_VARIABLE = YES;
				IPHONEOS_DEPLOYMENT_TARGET = 11.1;
				MTL_ENABLE_DEBUG_INFO = NO;
				SDKROOT = iphoneos;
				SWIFT_OPTIMIZATION_LEVEL = "-Owholemodule";
				VALIDATE_PRODUCT = YES;
			};
			name = Release;
		};
		162347F32164BD5F00EEC058 /* Debug */ = {
			isa = XCBuildConfiguration;
			baseConfigurationReference = 5F01E4CE2F1751BA2DF33DD2 /* Pods-PodCastApp.debug.xcconfig */;
			buildSettings = {
				ASSETCATALOG_COMPILER_APPICON_NAME = AppIcon;
				CODE_SIGN_STYLE = Automatic;
				INFOPLIST_FILE = PodCastApp/Info.plist;
				LD_RUNPATH_SEARCH_PATHS = "$(inherited) @executable_path/Frameworks";
				PRODUCT_BUNDLE_IDENTIFIER = zead.PodCastApp;
				PRODUCT_NAME = "$(TARGET_NAME)";
				SWIFT_VERSION = 4.0;
				TARGETED_DEVICE_FAMILY = "1,2";
			};
			name = Debug;
		};
		162347F42164BD5F00EEC058 /* Release */ = {
			isa = XCBuildConfiguration;
			baseConfigurationReference = 295CCFD10644793F3BC806C4 /* Pods-PodCastApp.release.xcconfig */;
			buildSettings = {
				ASSETCATALOG_COMPILER_APPICON_NAME = AppIcon;
				CODE_SIGN_STYLE = Automatic;
				INFOPLIST_FILE = PodCastApp/Info.plist;
				LD_RUNPATH_SEARCH_PATHS = "$(inherited) @executable_path/Frameworks";
				PRODUCT_BUNDLE_IDENTIFIER = zead.PodCastApp;
				PRODUCT_NAME = "$(TARGET_NAME)";
				SWIFT_VERSION = 4.0;
				TARGETED_DEVICE_FAMILY = "1,2";
			};
			name = Release;
		};
/* End XCBuildConfiguration section */

/* Begin XCConfigurationList section */
		162347DB2164BD5E00EEC058 /* Build configuration list for PBXProject "PodCastApp" */ = {
			isa = XCConfigurationList;
			buildConfigurations = (
				162347F02164BD5F00EEC058 /* Debug */,
				162347F12164BD5F00EEC058 /* Release */,
			);
			defaultConfigurationIsVisible = 0;
			defaultConfigurationName = Release;
		};
		162347F22164BD5F00EEC058 /* Build configuration list for PBXNativeTarget "PodCastApp" */ = {
			isa = XCConfigurationList;
			buildConfigurations = (
				162347F32164BD5F00EEC058 /* Debug */,
				162347F42164BD5F00EEC058 /* Release */,
			);
			defaultConfigurationIsVisible = 0;
			defaultConfigurationName = Release;
		};
/* End XCConfigurationList section */
	};
	rootObject = 162347D82164BD5E00EEC058 /* Project object */;
}
